
Microsoft Visual Studio Solution File, Format Version 12.00
# Visual Studio 2013
VisualStudioVersion = 12.0.30501.0
MinimumVisualStudioVersion = 10.0.40219.1
Project("{FAE04EC0-301F-11D3-BF4B-00C04F79EFBC}") = "Classes", "Classe\Classes.csproj", "{3499F06D-BF48-4ED9-9F80-9FD6E6F23FB8}"
EndProject
Project("{FAE04EC0-301F-11D3-BF4B-00C04F79EFBC}") = "Exercicio_01", "Exercício 01\Exercicio_01.csproj", "{0C54B902-40C6-4562-B6FB-26F10039EDBE}"
EndProject
Project("{FAE04EC0-301F-11D3-BF4B-00C04F79EFBC}") = "Exercicio 01 WF", "Exercicio 01 WF\Exercicio 01 WF.csproj", "{197FDFF9-169D-4956-BDAB-D77369ACFDE8}"
EndProject
Global
	GlobalSection(SolutionConfigurationPlatforms) = preSolution
		Debug|Any CPU = Debug|Any CPU
		Release|Any CPU = Release|Any CPU
	EndGlobalSection
	GlobalSection(ProjectConfigurationPlatforms) = postSolution
		{3499F06D-BF48-4ED9-9F80-9FD6E6F23FB8}.Debug|Any CPU.ActiveCfg = Debug|Any CPU
		{3499F06D-BF48-4ED9-9F80-9FD6E6F23FB8}.Debug|Any CPU.Build.0 = Debug|Any CPU
		{3499F06D-BF48-4ED9-9F80-9FD6E6F23FB8}.Release|Any CPU.ActiveCfg = Release|Any CPU
		{3499F06D-BF48-4ED9-9F80-9FD6E6F23FB8}.Release|Any CPU.Build.0 = Release|Any CPU
		{0C54B902-40C6-4562-B6FB-26F10039EDBE}.Debug|Any CPU.ActiveCfg = Debug|Any CPU
		{0C54B902-40C6-4562-B6FB-26F10039EDBE}.Debug|Any CPU.Build.0 = Debug|Any CPU
		{0C54B902-40C6-4562-B6FB-26F10039EDBE}.Release|Any CPU.ActiveCfg = Release|Any CPU
		{0C54B902-40C6-4562-B6FB-26F10039EDBE}.Release|Any CPU.Build.0 = Release|Any CPU
		{197FDFF9-169D-4956-BDAB-D77369ACFDE8}.Debug|Any CPU.ActiveCfg = Debug|Any CPU
		{197FDFF9-169D-4956-BDAB-D77369ACFDE8}.Debug|Any CPU.Build.0 = Debug|Any CPU
		{197FDFF9-169D-4956-BDAB-D77369ACFDE8}.Release|Any CPU.ActiveCfg = Release|Any CPU
		{197FDFF9-169D-4956-BDAB-D77369ACFDE8}.Release|Any CPU.Build.0 = Release|Any CPU
	EndGlobalSection
	GlobalSection(SolutionProperties) = preSolution
		HideSolutionNode = FALSE
	EndGlobalSection
EndGlobal
